// !$*UTF8*$!
{
	archiveVersion = 1;
	classes = {
	};
	objectVersion = 77;
	objects = {

/* Begin PBXContainerItemProxy section */
		3E78A5B82F91B3AD009D2E7D /* PBXContainerItemProxy */ = {
			isa = PBXContainerItemProxy;
			containerPortal = 3E78A5A02F91B3AC009D2E7D /* Project object */;
			proxyType = 1;
			remoteGlobalIDString = 3E78A5A72F91B3AC009D2E7D;
			remoteInfo = SandBot;
		};
		3E78A5C22F91B3AD009D2E7D /* PBXContainerItemProxy */ = {
			isa = PBXContainerItemProxy;
			containerPortal = 3E78A5A02F91B3AC009D2E7D /* Project object */;
			proxyType = 1;
			remoteGlobalIDString = 3E78A5A72F91B3AC009D2E7D;
			remoteInfo = SandBot;
		};
/* End PBXContainerItemProxy section */

/* Begin PBXFileReference section */
		3E78A5A82F91B3AC009D2E7D /* SandBot.app */ = {isa = PBXFileReference; explicitFileType = wrapper.application; includeInIndex = 0; path = SandBot.app; sourceTree = BUILT_PRODUCTS_DIR; };
		3E78A5B72F91B3AD009D2E7D /* SandBotTests.xctest */ = {isa = PBXFileReference; explicitFileType = wrapper.cfbundle; includeInIndex = 0; path = SandBotTests.xctest; sourceTree = BUILT_PRODUCTS_DIR; };
		3E78A5C12F91B3AD009D2E7D /* SandBotUITests.xctest */ = {isa = PBXFileReference; explicitFileType = wrapper.cfbundle; includeInIndex = 0; path = SandBotUITests.xctest; sourceTree = BUILT_PRODUCTS_DIR; };
/* End PBXFileReference section */

/* Begin PBXFileSystemSynchronizedBuildFileExceptionSet section */
		3E78A5E92F91B49D009D2E7D /* Exceptions for "SandBot" folder in "SandBot" target */ = {
			isa = PBXFileSystemSynchronizedBuildFileExceptionSet;
			membershipExceptions = (
				App/Colors.swift,
				App/ComposeView.swift,
				App/ContentView.swift,
				App/DrawingInstruction.swift,
				App/HistoryView.swift,
				App/LiveFeedView.swift,
				App/MockRobotService.swift,
				App/PrimaryButton.swift,
				App/RobotService.swift,
				App/RobotStatusMonitor.swift,
				App/SandBotApp.swift,
				App/SandCanvas.swift,
				App/SettingsView.swift,
				App/StatusPill.swift,
				App/Stroke.swift,
				App/TextDrawView.swift,
				App/TextPathService.swift,
				Assets.xcassets,
				DrawingHistory.swift,
				Item.swift,
				RobotStatus.swift,
				Typography.swift,
			);
			target = 3E78A5A72F91B3AC009D2E7D /* SandBot */;
		};
		3E78A5EA2F91B49D009D2E7D /* Exceptions for "SandBot" folder in "SandBotUITests" target */ = {
			isa = PBXFileSystemSynchronizedBuildFileExceptionSet;
			membershipExceptions = (
				App/Colors.swift,
				App/ComposeView.swift,
				App/ContentView.swift,
				App/DrawingInstruction.swift,
				App/HistoryView.swift,
				App/LiveFeedView.swift,
				App/MockRobotService.swift,
				App/PrimaryButton.swift,
				App/RobotService.swift,
				App/RobotStatusMonitor.swift,
				App/SandBotApp.swift,
				App/SandCanvas.swift,
				App/SettingsView.swift,
				App/StatusPill.swift,
				App/Stroke.swift,
				App/TextDrawView.swift,
				App/TextPathService.swift,
				Assets.xcassets,
				DrawingHistory.swift,
				Item.swift,
				RobotStatus.swift,
				Typography.swift,
			);
			target = 3E78A5C02F91B3AD009D2E7D /* SandBotUITests */;
		};
/* End PBXFileSystemSynchronizedBuildFileExceptionSet section */

/* Begin PBXFileSystemSynchronizedRootGroup section */
		3E78A5BA2F91B3AD009D2E7D /* SandBotTests */ = {
			isa = PBXFileSystemSynchronizedRootGroup;
			path = SandBotTests;
			sourceTree = "<group>";
		};
		3E78A5C42F91B3AD009D2E7D /* SandBotUITests */ = {
			isa = PBXFileSystemSynchronizedRootGroup;
			path = SandBotUITests;
			sourceTree = "<group>";
		};
		3E78A5E42F91B49D009D2E7D /* SandBot */ = {
			isa = PBXFileSystemSynchronizedRootGroup;
			exceptions = (
				3E78A5E92F91B49D009D2E7D /* Exceptions for "SandBot" folder in "SandBot" target */,
				3E78A5EA2F91B49D009D2E7D /* Exceptions for "SandBot" folder in "SandBotUITests" target */,
			);
			path = SandBot;
			sourceTree = "<group>";
		};
/* End PBXFileSystemSynchronizedRootGroup section */

/* Begin PBXFrameworksBuildPhase section */
		3E78A5A52F91B3AC009D2E7D /* Frameworks */ = {
			isa = PBXFrameworksBuildPhase;
			buildActionMask = 2147483647;
			files = (
			);
			runOnlyForDeploymentPostprocessing = 0;
		};
		3E78A5B42F91B3AD009D2E7D /* Frameworks */ = {
			isa = PBXFrameworksBuildPhase;
			buildActionMask = 2147483647;
			files = (
			);
			runOnlyForDeploymentPostprocessing = 0;
		};
		3E78A5BE2F91B3AD009D2E7D /* Frameworks */ = {
			isa = PBXFrameworksBuildPhase;
			buildActionMask = 2147483647;
			files = (
			);
			runOnlyForDeploymentPostprocessing = 0;
		};
/* End PBXFrameworksBuildPhase section */

/* Begin PBXGroup section */
		3E78A59F2F91B3AC009D2E7D = {
			isa = PBXGroup;
			children = (
				3E78A5E42F91B49D009D2E7D /* SandBot */,
				3E78A5BA2F91B3AD009D2E7D /* SandBotTests */,
				3E78A5C42F91B3AD009D2E7D /* SandBotUITests */,
				3E78A5A92F91B3AC009D2E7D /* Products */,
			);
			sourceTree = "<group>";
		};
		3E78A5A92F91B3AC009D2E7D /* Products */ = {
			isa = PBXGroup;
			children = (
				3E78A5A82F91B3AC009D2E7D /* SandBot.app */,
				3E78A5B72F91B3AD009D2E7D /* SandBotTests.xctest */,
				3E78A5C12F91B3AD009D2E7D /* SandBotUITests.xctest */,
			);
			name = Products;
			sourceTree = "<group>";
		};
/* End PBXGroup section */

/* Begin PBXNativeTarget section */
		3E78A5A72F91B3AC009D2E7D /* SandBot */ = {
			isa = PBXNativeTarget;
			buildConfigurationList = 3E78A5CB2F91B3AD009D2E7D /* Build configuration list for PBXNativeTarget "SandBot" */;
			buildPhases = (
				3E78A5A42F91B3AC009D2E7D /* Sources */,
				3E78A5A52F91B3AC009D2E7D /* Frameworks */,
				3E78A5A62F91B3AC009D2E7D /* Resources */,
			);
			buildRules = (
			);
			dependencies = (
			);
			name = SandBot;
			packageProductDependencies = (
			);
			productName = SandBot;
			productReference = 3E78A5A82F91B3AC009D2E7D /* SandBot.app */;
			productType = "com.apple.product-type.application";
		};
		3E78A5B62F91B3AD009D2E7D /* SandBotTests */ = {
			isa = PBXNativeTarget;
			buildConfigurationList = 3E78A5CE2F91B3AD009D2E7D /* Build configuration list for PBXNativeTarget "SandBotTests" */;
			buildPhases = (
				3E78A5B32F91B3AD009D2E7D /* Sources */,
				3E78A5B42F91B3AD009D2E7D /* Frameworks */,
				3E78A5B52F91B3AD009D2E7D /* Resources */,
			);
			buildRules = (
			);
			dependencies = (
				3E78A5B92F91B3AD009D2E7D /* PBXTargetDependency */,
			);
			fileSystemSynchronizedGroups = (
				3E78A5BA2F91B3AD009D2E7D /* SandBotTests */,
			);
			name = SandBotTests;
			packageProductDependencies = (
			);
			productName = SandBotTests;
			productReference = 3E78A5B72F91B3AD009D2E7D /* SandBotTests.xctest */;
			productType = "com.apple.product-type.bundle.unit-test";
		};
		3E78A5C02F91B3AD009D2E7D /* SandBotUITests */ = {
			isa = PBXNativeTarget;
			buildConfigurationList = 3E78A5D12F91B3AD009D2E7D /* Build configuration list for PBXNativeTarget "SandBotUITests" */;
			buildPhases = (
				3E78A5BD2F91B3AD009D2E7D /* Sources */,
				3E78A5BE2F91B3AD009D2E7D /* Frameworks */,
				3E78A5BF2F91B3AD009D2E7D /* Resources */,
			);
			buildRules = (
			);
			dependencies = (
				3E78A5C32F91B3AD009D2E7D /* PBXTargetDependency */,
			);
			fileSystemSynchronizedGroups = (
				3E78A5C42F91B3AD009D2E7D /* SandBotUITests */,
				3E78A5E42F91B49D009D2E7D /* SandBot */,
			);
			name = SandBotUITests;
			packageProductDependencies = (
			);
			productName = SandBotUITests;
			productReference = 3E78A5C12F91B3AD009D2E7D /* SandBotUITests.xctest */;
			productType = "com.apple.product-type.bundle.ui-testing";
		};
/* End PBXNativeTarget section */

/* Begin PBXProject section */
		3E78A5A02F91B3AC009D2E7D /* Project object */ = {
			isa = PBXProject;
			attributes = {
				BuildIndependentTargetsInParallel = 1;
				LastSwiftUpdateCheck = 2610;
				LastUpgradeCheck = 2610;
				TargetAttributes = {
					3E78A5A72F91B3AC009D2E7D = {
						CreatedOnToolsVersion = 26.1.1;
					};
					3E78A5B62F91B3AD009D2E7D = {
						CreatedOnToolsVersion = 26.1.1;
						TestTargetID = 3E78A5A72F91B3AC009D2E7D;
					};
					3E78A5C02F91B3AD009D2E7D = {
						CreatedOnToolsVersion = 26.1.1;
						TestTargetID = 3E78A5A72F91B3AC009D2E7D;
					};
				};
			};
			buildConfigurationList = 3E78A5A32F91B3AC009D2E7D /* Build configuration list for PBXProject "SandBot" */;
			developmentRegion = en;
			hasScannedForEncodings = 0;
			knownRegions = (
				en,
				Base,
			);
			mainGroup = 3E78A59F2F91B3AC009D2E7D;
			minimizedProjectReferenceProxies = 1;
			preferredProjectObjectVersion = 77;
			productRefGroup = 3E78A5A92F91B3AC009D2E7D /* Products */;
			projectDirPath = "";
			projectRoot = "";
			targets = (
				3E78A5A72F91B3AC009D2E7D /* SandBot */,
				3E78A5B62F91B3AD009D2E7D /* SandBotTests */,
				3E78A5C02F91B3AD009D2E7D /* SandBotUITests */,
			);
		};
/* End PBXProject section */

/* Begin PBXResourcesBuildPhase section */
		3E78A5A62F91B3AC009D2E7D /* Resources */ = {
			isa = PBXResourcesBuildPhase;
			buildActionMask = 2147483647;
			files = (
			);
			runOnlyForDeploymentPostprocessing = 0;
		};
		3E78A5B52F91B3AD009D2E7D /* Resources */ = {
			isa = PBXResourcesBuildPhase;
			buildActionMask = 2147483647;
			files = (
			);
			runOnlyForDeploymentPostprocessing = 0;
		};
		3E78A5BF2F91B3AD009D2E7D /* Resources */ = {
			isa = PBXResourcesBuildPhase;
			buildActionMask = 2147483647;
			files = (
			);
			runOnlyForDeploymentPostprocessing = 0;
		};
/* End PBXResourcesBuildPhase section */

/* Begin PBXSourcesBuildPhase section */
		3E78A5A42F91B3AC009D2E7D /* Sources */ = {
			isa = PBXSourcesBuildPhase;
			buildActionMask = 2147483647;
			files = (
			);
			runOnlyForDeploymentPostprocessing = 0;
		};
		3E78A5B32F91B3AD009D2E7D /* Sources */ = {
			isa = PBXSourcesBuildPhase;
			buildActionMask = 2147483647;
			files = (
			);
			runOnlyForDeploymentPostprocessing = 0;
		};
		3E78A5BD2F91B3AD009D2E7D /* Sources */ = {
			isa = PBXSourcesBuildPhase;
			buildActionMask = 2147483647;
			files = (
			);
			runOnlyForDeploymentPostprocessing = 0;
		};
/* End PBXSourcesBuildPhase section */

/* Begin PBXTargetDependency section */
		3E78A5B92F91B3AD009D2E7D /* PBXTargetDependency */ = {
			isa = PBXTargetDependency;
			target = 3E78A5A72F91B3AC009D2E7D /* SandBot */;
			targetProxy = 3E78A5B82F91B3AD009D2E7D /* PBXContainerItemProxy */;
		};
		3E78A5C32F91B3AD009D2E7D /* PBXTargetDependency */ = {
			isa = PBXTargetDependency;
			target = 3E78A5A72F91B3AC009D2E7D /* SandBot */;
			targetProxy = 3E78A5C22F91B3AD009D2E7D /* PBXContainerItemProxy */;
		};
/* End PBXTargetDependency section */

/* Begin XCBuildConfiguration section */
		3E78A5C92F91B3AD009D2E7D /* Debug */ = {
			isa = XCBuildConfiguration;
			buildSettings = {
				ALWAYS_SEARCH_USER_PATHS = NO;
				ASSETCATALOG_COMPILER_GENERATE_SWIFT_ASSET_SYMBOL_EXTENSIONS = YES;
				CLANG_ANALYZER_NONNULL = YES;
				CLANG_ANALYZER_NUMBER_OBJECT_CONVERSION = YES_AGGRESSIVE;
				CLANG_CXX_LANGUAGE_STANDARD = "gnu++20";
				CLANG_ENABLE_MODULES = YES;
				CLANG_ENABLE_OBJC_ARC = YES;
				CLANG_ENABLE_OBJC_WEAK = YES;
				CLANG_WARN_BLOCK_CAPTURE_AUTORELEASING = YES;
				CLANG_WARN_BOOL_CONVERSION = YES;
				CLANG_WARN_COMMA = YES;
				CLANG_WARN_CONSTANT_CONVERSION = YES;
				CLANG_WARN_DEPRECATED_OBJC_IMPLEMENTATIONS = YES;
				CLANG_WARN_DIRECT_OBJC_ISA_USAGE = YES_ERROR;
				CLANG_WARN_DOCUMENTATION_COMMENTS = YES;
				CLANG_WARN_EMPTY_BODY = YES;
				CLANG_WARN_ENUM_CONVERSION = YES;
				CLANG_WARN_INFINITE_RECURSION = YES;
				CLANG_WARN_INT_CONVERSION = YES;
				CLANG_WARN_NON_LITERAL_NULL_CONVERSION = YES;
				CLANG_WARN_OBJC_IMPLICIT_RETAIN_SELF = YES;
				CLANG_WARN_OBJC_LITERAL_CONVERSION = YES;
				CLANG_WARN_OBJC_ROOT_CLASS = YES_ERROR;
				CLANG_WARN_QUOTED_INCLUDE_IN_FRAMEWORK_HEADER = YES;
				CLANG_WARN_RANGE_LOOP_ANALYSIS = YES;
				CLANG_WARN_STRICT_PROTOTYPES = YES;
				CLANG_WARN_SUSPICIOUS_MOVE = YES;
				CLANG_WARN_UNGUARDED_AVAILABILITY = YES_AGGRESSIVE;
				CLANG_WARN_UNREACHABLE_CODE = YES;
				CLANG_WARN__DUPLICATE_METHOD_MATCH = YES;
				COPY_PHASE_STRIP = NO;
				DEBUG_INFORMATION_FORMAT = dwarf;
				DEVELOPMENT_TEAM = 956B45PSGT;
				ENABLE_STRICT_OBJC_MSGSEND = YES;
				ENABLE_TESTABILITY = YES;
				ENABLE_USER_SCRIPT_SANDBOXING = YES;
				GCC_C_LANGUAGE_STANDARD = gnu17;
				GCC_DYNAMIC_NO_PIC = NO;
				GCC_NO_COMMON_BLOCKS = YES;
				GCC_OPTIMIZATION_LEVEL = 0;
				GCC_PREPROCESSOR_DEFINITIONS = (
					"DEBUG=1",
					"$(inherited)",
				);
				GCC_WARN_64_TO_32_BIT_CONVERSION = YES;
				GCC_WARN_ABOUT_RETURN_TYPE = YES_ERROR;
				GCC_WARN_UNDECLARED_SELECTOR = YES;
				GCC_WARN_UNINITIALIZED_AUTOS = YES_AGGRESSIVE;
				GCC_WARN_UNUSED_FUNCTION = YES;
				GCC_WARN_UNUSED_VARIABLE = YES;
				LOCALIZATION_PREFERS_STRING_CATALOGS = YES;
				MTL_ENABLE_DEBUG_INFO = INCLUDE_SOURCE;
				MTL_FAST_MATH = YES;
				ONLY_ACTIVE_ARCH = YES;
				SWIFT_ACTIVE_COMPILATION_CONDITIONS = "DEBUG $(inherited)";
				SWIFT_OPTIMIZATION_LEVEL = "-Onone";
			};
			name = Debug;
		};
		3E78A5CA2F91B3AD009D2E7D /* Release */ = {
			isa = XCBuildConfiguration;
			buildSettings = {
				ALWAYS_SEARCH_USER_PATHS = NO;
				ASSETCATALOG_COMPILER_GENERATE_SWIFT_ASSET_SYMBOL_EXTENSIONS = YES;
				CLANG_ANALYZER_NONNULL = YES;
				CLANG_ANALYZER_NUMBER_OBJECT_CONVERSION = YES_AGGRESSIVE;
				CLANG_CXX_LANGUAGE_STANDARD = "gnu++20";
				CLANG_ENABLE_MODULES = YES;
				CLANG_ENABLE_OBJC_ARC = YES;
				CLANG_ENABLE_OBJC_WEAK = YES;
				CLANG_WARN_BLOCK_CAPTURE_AUTORELEASING = YES;
				CLANG_WARN_BOOL_CONVERSION = YES;
				CLANG_WARN_COMMA = YES;
				CLANG_WARN_CONSTANT_CONVERSION = YES;
				CLANG_WARN_DEPRECATED_OBJC_IMPLEMENTATIONS = YES;
				CLANG_WARN_DIRECT_OBJC_ISA_USAGE = YES_ERROR;
				CLANG_WARN_DOCUMENTATION_COMMENTS = YES;
				CLANG_WARN_EMPTY_BODY = YES;
				CLANG_WARN_ENUM_CONVERSION = YES;
				CLANG_WARN_INFINITE_RECURSION = YES;
				CLANG_WARN_INT_CONVERSION = YES;
				CLANG_WARN_NON_LITERAL_NULL_CONVERSION = YES;
				CLANG_WARN_OBJC_IMPLICIT_RETAIN_SELF = YES;
				CLANG_WARN_OBJC_LITERAL_CONVERSION = YES;
				CLANG_WARN_OBJC_ROOT_CLASS = YES_ERROR;
				CLANG_WARN_QUOTED_INCLUDE_IN_FRAMEWORK_HEADER = YES;
				CLANG_WARN_RANGE_LOOP_ANALYSIS = YES;
				CLANG_WARN_STRICT_PROTOTYPES = YES;
				CLANG_WARN_SUSPICIOUS_MOVE = YES;
				CLANG_WARN_UNGUARDED_AVAILABILITY = YES_AGGRESSIVE;
				CLANG_WARN_UNREACHABLE_CODE = YES;
				CLANG_WARN__DUPLICATE_METHOD_MATCH = YES;
				COPY_PHASE_STRIP = NO;
				DEBUG_INFORMATION_FORMAT = "dwarf-with-dsym";
				DEVELOPMENT_TEAM = 956B45PSGT;
				ENABLE_NS_ASSERTIONS = NO;
				ENABLE_STRICT_OBJC_MSGSEND = YES;
				ENABLE_USER_SCRIPT_SANDBOXING = YES;
				GCC_C_LANGUAGE_STANDARD = gnu17;
				GCC_NO_COMMON_BLOCKS = YES;
				GCC_WARN_64_TO_32_BIT_CONVERSION = YES;
				GCC_WARN_ABOUT_RETURN_TYPE = YES_ERROR;
				GCC_WARN_UNDECLARED_SELECTOR = YES;
				GCC_WARN_UNINITIALIZED_AUTOS = YES_AGGRESSIVE;
				GCC_WARN_UNUSED_FUNCTION = YES;
				GCC_WARN_UNUSED_VARIABLE = YES;
				LOCALIZATION_PREFERS_STRING_CATALOGS = YES;
				MTL_ENABLE_DEBUG_INFO = NO;
				MTL_FAST_MATH = YES;
				SWIFT_COMPILATION_MODE = wholemodule;
			};
			name = Release;
		};
		3E78A5CC2F91B3AD009D2E7D /* Debug */ = {
			isa = XCBuildConfiguration;
			buildSettings = {
				ASSETCATALOG_COMPILER_APPICON_NAME = AppIcon;
				ASSETCATALOG_COMPILER_GLOBAL_ACCENT_COLOR_NAME = AccentColor;
				CODE_SIGN_STYLE = Automatic;
				CURRENT_PROJECT_VERSION = 1;
				DEVELOPMENT_TEAM = 956B45PSGT;
				ENABLE_APP_SANDBOX = YES;
				ENABLE_HARDENED_RUNTIME = YES;
				ENABLE_PREVIEWS = YES;
				ENABLE_USER_SELECTED_FILES = readonly;
				GENERATE_INFOPLIST_FILE = YES;
				"INFOPLIST_KEY_UIApplicationSceneManifest_Generation[sdk=iphoneos*]" = YES;
				"INFOPLIST_KEY_UIApplicationSceneManifest_Generation[sdk=iphonesimulator*]" = YES;
				"INFOPLIST_KEY_UIApplicationSupportsIndirectInputEvents[sdk=iphoneos*]" = YES;
				"INFOPLIST_KEY_UIApplicationSupportsIndirectInputEvents[sdk=iphonesimulator*]" = YES;
				"INFOPLIST_KEY_UILaunchScreen_Generation[sdk=iphoneos*]" = YES;
				"INFOPLIST_KEY_UILaunchScreen_Generation[sdk=iphonesimulator*]" = YES;
				"INFOPLIST_KEY_UIStatusBarStyle[sdk=iphoneos*]" = UIStatusBarStyleDefault;
				"INFOPLIST_KEY_UIStatusBarStyle[sdk=iphonesimulator*]" = UIStatusBarStyleDefault;
				INFOPLIST_KEY_UISupportedInterfaceOrientations_iPad = "UIInterfaceOrientationPortrait UIInterfaceOrientationPortraitUpsideDown UIInterfaceOrientationLandscapeLeft UIInterfaceOrientationLandscapeRight";
				INFOPLIST_KEY_UISupportedInterfaceOrientations_iPhone = "UIInterfaceOrientationPortrait UIInterfaceOrientationLandscapeLeft UIInterfaceOrientationLandscapeRight";
				IPHONEOS_DEPLOYMENT_TARGET = 26.1;
				LD_RUNPATH_SEARCH_PATHS = "@executable_path/Frameworks";
				"LD_RUNPATH_SEARCH_PATHS[sdk=macosx*]" = "@executable_path/../Frameworks";
				MACOSX_DEPLOYMENT_TARGET = 26.1;
				MARKETING_VERSION = 1.0;
				PRODUCT_BUNDLE_IDENTIFIER = com.anderson.SandBot;
				PRODUCT_NAME = "$(TARGET_NAME)";
				REGISTER_APP_GROUPS = YES;
				SDKROOT = auto;
				STRING_CATALOG_GENERATE_SYMBOLS = YES;
				SUPPORTED_PLATFORMS = "iphoneos iphonesimulator macosx xros xrsimulator";
				SWIFT_APPROACHABLE_CONCURRENCY = YES;
				SWIFT_DEFAULT_ACTOR_ISOLATION = MainActor;
				SWIFT_EMIT_LOC_STRINGS = YES;
				SWIFT_UPCOMING_FEATURE_MEMBER_IMPORT_VISIBILITY = YES;
				SWIFT_VERSION = 5.0;
				TARGETED_DEVICE_FAMILY = "1,2,7";
				XROS_DEPLOYMENT_TARGET = 26.1;
			};
			name = Debug;
		};
		3E78A5CD2F91B3AD009D2E7D /* Release */ = {
			isa = XCBuildConfiguration;
			buildSettings = {
				ASSETCATALOG_COMPILER_APPICON_NAME = AppIcon;
				ASSETCATALOG_COMPILER_GLOBAL_ACCENT_COLOR_NAME = AccentColor;
				CODE_SIGN_STYLE = Automatic;
				CURRENT_PROJECT_VERSION = 1;
				DEVELOPMENT_TEAM = 956B45PSGT;
				ENABLE_APP_SANDBOX = YES;
				ENABLE_HARDENED_RUNTIME = YES;
				ENABLE_PREVIEWS = YES;
				ENABLE_USER_SELECTED_FILES = readonly;
				GENERATE_INFOPLIST_FILE = YES;
				"INFOPLIST_KEY_UIApplicationSceneManifest_Generation[sdk=iphoneos*]" = YES;
				"INFOPLIST_KEY_UIApplicationSceneManifest_Generation[sdk=iphonesimulator*]" = YES;
				"INFOPLIST_KEY_UIApplicationSupportsIndirectInputEvents[sdk=iphoneos*]" = YES;
				"INFOPLIST_KEY_UIApplicationSupportsIndirectInputEvents[sdk=iphonesimulator*]" = YES;
				"INFOPLIST_KEY_UILaunchScreen_Generation[sdk=iphoneos*]" = YES;
				"INFOPLIST_KEY_UILaunchScreen_Generation[sdk=iphonesimulator*]" = YES;
				"INFOPLIST_KEY_UIStatusBarStyle[sdk=iphoneos*]" = UIStatusBarStyleDefault;
				"INFOPLIST_KEY_UIStatusBarStyle[sdk=iphonesimulator*]" = UIStatusBarStyleDefault;
				INFOPLIST_KEY_UISupportedInterfaceOrientations_iPad = "UIInterfaceOrientationPortrait UIInterfaceOrientationPortraitUpsideDown UIInterfaceOrientationLandscapeLeft UIInterfaceOrientationLandscapeRight";
				INFOPLIST_KEY_UISupportedInterfaceOrientations_iPhone = "UIInterfaceOrientationPortrait UIInterfaceOrientationLandscapeLeft UIInterfaceOrientationLandscapeRight";
				IPHONEOS_DEPLOYMENT_TARGET = 26.1;
				LD_RUNPATH_SEARCH_PATHS = "@executable_path/Frameworks";
				"LD_RUNPATH_SEARCH_PATHS[sdk=macosx*]" = "@executable_path/../Frameworks";
				MACOSX_DEPLOYMENT_TARGET = 26.1;
				MARKETING_VERSION = 1.0;
				PRODUCT_BUNDLE_IDENTIFIER = com.anderson.SandBot;
				PRODUCT_NAME = "$(TARGET_NAME)";
				REGISTER_APP_GROUPS = YES;
				SDKROOT = auto;
				STRING_CATALOG_GENERATE_SYMBOLS = YES;
				SUPPORTED_PLATFORMS = "iphoneos iphonesimulator macosx xros xrsimulator";
				SWIFT_APPROACHABLE_CONCURRENCY = YES;
				SWIFT_DEFAULT_ACTOR_ISOLATION = MainActor;
				SWIFT_EMIT_LOC_STRINGS = YES;
				SWIFT_UPCOMING_FEATURE_MEMBER_IMPORT_VISIBILITY = YES;
				SWIFT_VERSION = 5.0;
				TARGETED_DEVICE_FAMILY = "1,2,7";
				XROS_DEPLOYMENT_TARGET = 26.1;
			};
			name = Release;
		};
		3E78A5CF2F91B3AD009D2E7D /* Debug */ = {
			isa = XCBuildConfiguration;
			buildSettings = {
				BUNDLE_LOADER = "$(TEST_HOST)";
				CODE_SIGN_STYLE = Automatic;
				CURRENT_PROJECT_VERSION = 1;
				DEVELOPMENT_TEAM = 956B45PSGT;
				GENERATE_INFOPLIST_FILE = YES;
				IPHONEOS_DEPLOYMENT_TARGET = 26.1;
				MACOSX_DEPLOYMENT_TARGET = 26.1;
				MARKETING_VERSION = 1.0;
				PRODUCT_BUNDLE_IDENTIFIER = com.anderson.SandBotTests;
				PRODUCT_NAME = "$(TARGET_NAME)";
				SDKROOT = auto;
				STRING_CATALOG_GENERATE_SYMBOLS = NO;
				SUPPORTED_PLATFORMS = "iphoneos iphonesimulator macosx xros xrsimulator";
				SWIFT_APPROACHABLE_CONCURRENCY = YES;
				SWIFT_EMIT_LOC_STRINGS = NO;
				SWIFT_UPCOMING_FEATURE_MEMBER_IMPORT_VISIBILITY = YES;
				SWIFT_VERSION = 5.0;
				TARGETED_DEVICE_FAMILY = "1,2,7";
				TEST_HOST = "$(BUILT_PRODUCTS_DIR)/SandBot.app/$(BUNDLE_EXECUTABLE_FOLDER_PATH)/SandBot";
				XROS_DEPLOYMENT_TARGET = 26.1;
			};
			name = Debug;
		};
		3E78A5D02F91B3AD009D2E7D /* Release */ = {
			isa = XCBuildConfiguration;
			buildSettings = {
				BUNDLE_LOADER = "$(TEST_HOST)";
				CODE_SIGN_STYLE = Automatic;
				CURRENT_PROJECT_VERSION = 1;
				DEVELOPMENT_TEAM = 956B45PSGT;
				GENERATE_INFOPLIST_FILE = YES;
				IPHONEOS_DEPLOYMENT_TARGET = 26.1;
				MACOSX_DEPLOYMENT_TARGET = 26.1;
				MARKETING_VERSION = 1.0;
				PRODUCT_BUNDLE_IDENTIFIER = com.anderson.SandBotTests;
				PRODUCT_NAME = "$(TARGET_NAME)";
				SDKROOT = auto;
				STRING_CATALOG_GENERATE_SYMBOLS = NO;
				SUPPORTED_PLATFORMS = "iphoneos iphonesimulator macosx xros xrsimulator";
				SWIFT_APPROACHABLE_CONCURRENCY = YES;
				SWIFT_EMIT_LOC_STRINGS = NO;
				SWIFT_UPCOMING_FEATURE_MEMBER_IMPORT_VISIBILITY = YES;
				SWIFT_VERSION = 5.0;
				TARGETED_DEVICE_FAMILY = "1,2,7";
				TEST_HOST = "$(BUILT_PRODUCTS_DIR)/SandBot.app/$(BUNDLE_EXECUTABLE_FOLDER_PATH)/SandBot";
				XROS_DEPLOYMENT_TARGET = 26.1;
			};
			name = Release;
		};
		3E78A5D22F91B3AD009D2E7D /* Debug */ = {
			isa = XCBuildConfiguration;
			buildSettings = {
				CODE_SIGN_STYLE = Automatic;
				CURRENT_PROJECT_VERSION = 1;
				DEVELOPMENT_TEAM = 956B45PSGT;
				GENERATE_INFOPLIST_FILE = YES;
				IPHONEOS_DEPLOYMENT_TARGET = 26.1;
				MACOSX_DEPLOYMENT_TARGET = 26.1;
				MARKETING_VERSION = 1.0;
				PRODUCT_BUNDLE_IDENTIFIER = com.anderson.SandBotUITests;
				PRODUCT_NAME = "$(TARGET_NAME)";
				SDKROOT = auto;
				STRING_CATALOG_GENERATE_SYMBOLS = NO;
				SUPPORTED_PLATFORMS = "iphoneos iphonesimulator macosx xros xrsimulator";
				SWIFT_APPROACHABLE_CONCURRENCY = YES;
				SWIFT_EMIT_LOC_STRINGS = NO;
				SWIFT_UPCOMING_FEATURE_MEMBER_IMPORT_VISIBILITY = YES;
				SWIFT_VERSION = 5.0;
				TARGETED_DEVICE_FAMILY = "1,2,7";
				TEST_TARGET_NAME = SandBot;
				XROS_DEPLOYMENT_TARGET = 26.1;
			};
			name = Debug;
		};
		3E78A5D32F91B3AD009D2E7D /* Release */ = {
			isa = XCBuildConfiguration;
			buildSettings = {
				CODE_SIGN_STYLE = Automatic;
				CURRENT_PROJECT_VERSION = 1;
				DEVELOPMENT_TEAM = 956B45PSGT;
				GENERATE_INFOPLIST_FILE = YES;
				IPHONEOS_DEPLOYMENT_TARGET = 26.1;
				MACOSX_DEPLOYMENT_TARGET = 26.1;
				MARKETING_VERSION = 1.0;
				PRODUCT_BUNDLE_IDENTIFIER = com.anderson.SandBotUITests;
				PRODUCT_NAME = "$(TARGET_NAME)";
				SDKROOT = auto;
				STRING_CATALOG_GENERATE_SYMBOLS = NO;
				SUPPORTED_PLATFORMS = "iphoneos iphonesimulator macosx xros xrsimulator";
				SWIFT_APPROACHABLE_CONCURRENCY = YES;
				SWIFT_EMIT_LOC_STRINGS = NO;
				SWIFT_UPCOMING_FEATURE_MEMBER_IMPORT_VISIBILITY = YES;
				SWIFT_VERSION = 5.0;
				TARGETED_DEVICE_FAMILY = "1,2,7";
				TEST_TARGET_NAME = SandBot;
				XROS_DEPLOYMENT_TARGET = 26.1;
			};
			name = Release;
		};
/* End XCBuildConfiguration section */

/* Begin XCConfigurationList section */
		3E78A5A32F91B3AC009D2E7D /* Build configuration list for PBXProject "SandBot" */ = {
			isa = XCConfigurationList;
			buildConfigurations = (
				3E78A5C92F91B3AD009D2E7D /* Debug */,
				3E78A5CA2F91B3AD009D2E7D /* Release */,
			);
			defaultConfigurationIsVisible = 0;
			defaultConfigurationName = Release;
		};
		3E78A5CB2F91B3AD009D2E7D /* Build configuration list for PBXNativeTarget "SandBot" */ = {
			isa = XCConfigurationList;
			buildConfigurations = (
				3E78A5CC2F91B3AD009D2E7D /* Debug */,
				3E78A5CD2F91B3AD009D2E7D /* Release */,
			);
			defaultConfigurationIsVisible = 0;
			defaultConfigurationName = Release;
		};
		3E78A5CE2F91B3AD009D2E7D /* Build configuration list for PBXNativeTarget "SandBotTests" */ = {
			isa = XCConfigurationList;
			buildConfigurations = (
				3E78A5CF2F91B3AD009D2E7D /* Debug */,
				3E78A5D02F91B3AD009D2E7D /* Release */,
			);
			defaultConfigurationIsVisible = 0;
			defaultConfigurationName = Release;
		};
		3E78A5D12F91B3AD009D2E7D /* Build configuration list for PBXNativeTarget "SandBotUITests" */ = {
			isa = XCConfigurationList;
			buildConfigurations = (
				3E78A5D22F91B3AD009D2E7D /* Debug */,
				3E78A5D32F91B3AD009D2E7D /* Release */,
			);
			defaultConfigurationIsVisible = 0;
			defaultConfigurationName = Release;
		};
/* End XCConfigurationList section */
	};
	rootObject = 3E78A5A02F91B3AC009D2E7D /* Project object */;
}
